PATH
  remote: ../extensions-agentic/lex-abductive-reasoning
  specs:
    lex-abductive-reasoning (0.1.0)

PATH
  remote: ../extensions-agentic/lex-affordance
  specs:
    lex-affordance (0.1.0)

PATH
  remote: ../extensions-agentic/lex-agency
  specs:
    lex-agency (0.1.0)

PATH
  remote: ../extensions-agentic/lex-analogical-reasoning
  specs:
    lex-analogical-reasoning (0.1.0)

PATH
  remote: ../extensions-agentic/lex-anchoring
  specs:
    lex-anchoring (0.1.0)

PATH
  remote: ../extensions-agentic/lex-anosognosia
  specs:
    lex-anosognosia (0.1.0)

PATH
  remote: ../extensions-agentic/lex-appraisal
  specs:
    lex-appraisal (0.1.0)

PATH
  remote: ../extensions-agentic/lex-argument-mapping
  specs:
    lex-argument-mapping (0.1.0)

PATH
  remote: ../extensions-agentic/lex-arousal
  specs:
    lex-arousal (0.1.0)

PATH
  remote: ../extensions-agentic/lex-attention-economy
  specs:
    lex-attention-economy (0.1.0)

PATH
  remote: ../extensions-agentic/lex-attention-regulation
  specs:
    lex-attention-regulation (0.1.0)

PATH
  remote: ../extensions-agentic/lex-attention-schema
  specs:
    lex-attention-schema (0.1.0)

PATH
  remote: ../extensions-agentic/lex-attention-spotlight
  specs:
    lex-attention-spotlight (0.1.0)

PATH
  remote: ../extensions-agentic/lex-attention-switching
  specs:
    lex-attention-switching (0.1.0)

PATH
  remote: ../extensions-agentic/lex-attention
  specs:
    lex-attention (0.1.0)

PATH
  remote: ../extensions-agentic/lex-attentional-blink
  specs:
    lex-attentional-blink (0.1.0)

PATH
  remote: ../extensions-agentic/lex-bayesian-belief
  specs:
    lex-bayesian-belief (0.1.0)

PATH
  remote: ../extensions-agentic/lex-belief-revision
  specs:
    lex-belief-revision (0.1.0)

PATH
  remote: ../extensions-agentic/lex-bias
  specs:
    lex-bias (0.1.0)

PATH
  remote: ../extensions-agentic/lex-causal-attribution
  specs:
    lex-causal-attribution (0.1.0)

PATH
  remote: ../extensions-agentic/lex-causal-reasoning
  specs:
    lex-causal-reasoning (0.1.0)

PATH
  remote: ../extensions-agentic/lex-cognitive-alchemy
  specs:
    lex-cognitive-alchemy (0.1.0)

PATH
  remote: ../extensions-agentic/lex-cognitive-anchor
  specs:
    lex-cognitive-anchor (0.1.0)

PATH
  remote: ../extensions-agentic/lex-cognitive-apprenticeship
  specs:
    lex-cognitive-apprenticeship (0.1.0)

PATH
  remote: ../extensions-agentic/lex-cognitive-archaeology
  specs:
    lex-cognitive-archaeology (0.1.0)

PATH
  remote: ../extensions-agentic/lex-cognitive-architecture
  specs:
    lex-cognitive-architecture (0.1.0)

PATH
  remote: ../extensions-agentic/lex-cognitive-aurora
  specs:
    lex-cognitive-aurora (0.1.0)

PATH
  remote: ../extensions-agentic/lex-cognitive-autopilot
  specs:
    lex-cognitive-autopilot (0.1.0)

PATH
  remote: ../extensions-agentic/lex-cognitive-avalanche
  specs:
    lex-cognitive-avalanche (0.1.0)

PATH
  remote: ../extensions-agentic/lex-cognitive-blindspot
  specs:
    lex-cognitive-blindspot (0.1.0)

PATH
  remote: ../extensions-agentic/lex-cognitive-boundary
  specs:
    lex-cognitive-boundary (0.1.0)

PATH
  remote: ../extensions-agentic/lex-cognitive-catalyst
  specs:
    lex-cognitive-catalyst (0.1.0)

PATH
  remote: ../extensions-agentic/lex-cognitive-chrysalis
  specs:
    lex-cognitive-chrysalis (0.1.0)

PATH
  remote: ../extensions-agentic/lex-cognitive-chunking
  specs:
    lex-cognitive-chunking (0.1.0)

PATH
  remote: ../extensions-agentic/lex-cognitive-cocoon
  specs:
    lex-cognitive-cocoon (0.1.0)

PATH
  remote: ../extensions-agentic/lex-cognitive-coherence
  specs:
    lex-cognitive-coherence (0.1.0)

PATH
  remote: ../extensions-agentic/lex-cognitive-compass
  specs:
    lex-cognitive-compass (0.1.0)

PATH
  remote: ../extensions-agentic/lex-cognitive-compression
  specs:
    lex-cognitive-compression (0.1.0)

PATH
  remote: ../extensions-agentic/lex-cognitive-constellation
  specs:
    lex-cognitive-constellation (0.1.0)

PATH
  remote: ../extensions-agentic/lex-cognitive-contagion
  specs:
    lex-cognitive-contagion (0.1.0)

PATH
  remote: ../extensions-agentic/lex-cognitive-control
  specs:
    lex-cognitive-control (0.1.0)

PATH
  remote: ../extensions-agentic/lex-cognitive-debt
  specs:
    lex-cognitive-debt (0.1.0)

PATH
  remote: ../extensions-agentic/lex-cognitive-debugging
  specs:
    lex-cognitive-debugging (0.1.0)

PATH
  remote: ../extensions-agentic/lex-cognitive-defusion
  specs:
    lex-cognitive-defusion (0.1.0)

PATH
  remote: ../extensions-agentic/lex-cognitive-disengagement
  specs:
    lex-cognitive-disengagement (0.1.0)

PATH
  remote: ../extensions-agentic/lex-cognitive-dissonance-resolution
  specs:
    lex-cognitive-dissonance-resolution (0.1.0)

PATH
  remote: ../extensions-agentic/lex-cognitive-dwell
  specs:
    lex-cognitive-dwell (0.1.0)

PATH
  remote: ../extensions-agentic/lex-cognitive-echo-chamber
  specs:
    lex-cognitive-echo-chamber (0.1.0)

PATH
  remote: ../extensions-agentic/lex-cognitive-echo
  specs:
    lex-cognitive-echo (0.1.0)

PATH
  remote: ../extensions-agentic/lex-cognitive-empathy
  specs:
    lex-cognitive-empathy (0.1.0)

PATH
  remote: ../extensions-agentic/lex-cognitive-entrainment
  specs:
    lex-cognitive-entrainment (0.1.0)

PATH
  remote: ../extensions-agentic/lex-cognitive-erosion
  specs:
    lex-cognitive-erosion (0.1.0)

PATH
  remote: ../extensions-agentic/lex-cognitive-fatigue-model
  specs:
    lex-cognitive-fatigue-model (0.1.0)

PATH
  remote: ../extensions-agentic/lex-cognitive-fermentation
  specs:
    lex-cognitive-fermentation (0.1.0)

PATH
  remote: ../extensions-agentic/lex-cognitive-fingerprint
  specs:
    lex-cognitive-fingerprint (0.1.0)

PATH
  remote: ../extensions-agentic/lex-cognitive-flexibility-training
  specs:
    lex-cognitive-flexibility-training (0.1.0)

PATH
  remote: ../extensions-agentic/lex-cognitive-flexibility
  specs:
    lex-cognitive-flexibility (0.1.0)

PATH
  remote: ../extensions-agentic/lex-cognitive-fossil-fuel
  specs:
    lex-cognitive-fossil-fuel (0.1.0)

PATH
  remote: ../extensions-agentic/lex-cognitive-friction
  specs:
    lex-cognitive-friction (0.1.0)

PATH
  remote: ../extensions-agentic/lex-cognitive-furnace
  specs:
    lex-cognitive-furnace (0.1.0)

PATH
  remote: ../extensions-agentic/lex-cognitive-garden
  specs:
    lex-cognitive-garden (0.1.0)

PATH
  remote: ../extensions-agentic/lex-cognitive-genesis
  specs:
    lex-cognitive-genesis (0.1.0)

PATH
  remote: ../extensions-agentic/lex-cognitive-grammar
  specs:
    lex-cognitive-grammar (0.1.0)

PATH
  remote: ../extensions-agentic/lex-cognitive-gravity
  specs:
    lex-cognitive-gravity (0.1.0)

PATH
  remote: ../extensions-agentic/lex-cognitive-greenhouse
  specs:
    lex-cognitive-greenhouse (0.1.0)

PATH
  remote: ../extensions-agentic/lex-cognitive-hologram
  specs:
    lex-cognitive-hologram (0.1.0)

PATH
  remote: ../extensions-agentic/lex-cognitive-homeostasis
  specs:
    lex-cognitive-homeostasis (0.1.0)

PATH
  remote: ../extensions-agentic/lex-cognitive-horizon
  specs:
    lex-cognitive-horizon (0.1.0)

PATH
  remote: ../extensions-agentic/lex-cognitive-hourglass
  specs:
    lex-cognitive-hourglass (0.1.0)

PATH
  remote: ../extensions-agentic/lex-cognitive-immune-memory
  specs:
    lex-cognitive-immune-memory (0.1.0)

PATH
  remote: ../extensions-agentic/lex-cognitive-immune-response
  specs:
    lex-cognitive-immune-response (0.1.0)

PATH
  remote: ../extensions-agentic/lex-cognitive-immunology
  specs:
    lex-cognitive-immunology (0.1.0)

PATH
  remote: ../extensions-agentic/lex-cognitive-inertia
  specs:
    lex-cognitive-inertia (0.1.0)

PATH
  remote: ../extensions-agentic/lex-cognitive-integration
  specs:
    lex-cognitive-integration (0.1.0)

PATH
  remote: ../extensions-agentic/lex-cognitive-kaleidoscope
  specs:
    lex-cognitive-kaleidoscope (0.1.0)

PATH
  remote: ../extensions-agentic/lex-cognitive-labyrinth
  specs:
    lex-cognitive-labyrinth (0.1.0)

PATH
  remote: ../extensions-agentic/lex-cognitive-lens
  specs:
    lex-cognitive-lens (0.1.0)

PATH
  remote: ../extensions-agentic/lex-cognitive-lighthouse
  specs:
    lex-cognitive-lighthouse (0.1.0)

PATH
  remote: ../extensions-agentic/lex-cognitive-liminal
  specs:
    lex-cognitive-liminal (0.1.0)

PATH
  remote: ../extensions-agentic/lex-cognitive-load-balancing
  specs:
    lex-cognitive-load-balancing (0.1.0)

PATH
  remote: ../extensions-agentic/lex-cognitive-load
  specs:
    lex-cognitive-load (0.1.0)

PATH
  remote: ../extensions-agentic/lex-cognitive-lucidity
  specs:
    lex-cognitive-lucidity (0.1.0)

PATH
  remote: ../extensions-agentic/lex-cognitive-magnet
  specs:
    lex-cognitive-magnet (0.1.0)

PATH
  remote: ../extensions-agentic/lex-cognitive-map
  specs:
    lex-cognitive-map (0.1.0)

PATH
  remote: ../extensions-agentic/lex-cognitive-metabolism
  specs:
    lex-cognitive-metabolism (0.1.0)

PATH
  remote: ../extensions-agentic/lex-cognitive-mirror
  specs:
    lex-cognitive-mirror (0.1.0)

PATH
  remote: ../extensions-agentic/lex-cognitive-momentum
  specs:
    lex-cognitive-momentum (0.1.0)

PATH
  remote: ../extensions-agentic/lex-cognitive-mosaic
  specs:
    lex-cognitive-mosaic (0.1.0)

PATH
  remote: ../extensions-agentic/lex-cognitive-mycelium
  specs:
    lex-cognitive-mycelium (0.1.0)

PATH
  remote: ../extensions-agentic/lex-cognitive-narrative-arc
  specs:
    lex-cognitive-narrative-arc (0.1.0)

PATH
  remote: ../extensions-agentic/lex-cognitive-nostalgia
  specs:
    lex-cognitive-nostalgia (0.1.0)

PATH
  remote: ../extensions-agentic/lex-cognitive-offloading
  specs:
    lex-cognitive-offloading (0.1.0)

PATH
  remote: ../extensions-agentic/lex-cognitive-origami
  specs:
    lex-cognitive-origami (0.1.0)

PATH
  remote: ../extensions-agentic/lex-cognitive-paleontology
  specs:
    lex-cognitive-paleontology (0.1.0)

PATH
  remote: ../extensions-agentic/lex-cognitive-palimpsest
  specs:
    lex-cognitive-palimpsest (0.1.0)

PATH
  remote: ../extensions-agentic/lex-cognitive-pendulum
  specs:
    lex-cognitive-pendulum (0.1.0)

PATH
  remote: ../extensions-agentic/lex-cognitive-phantom
  specs:
    lex-cognitive-phantom (0.1.0)

PATH
  remote: ../extensions-agentic/lex-cognitive-plasticity
  specs:
    lex-cognitive-plasticity (0.1.0)

PATH
  remote: ../extensions-agentic/lex-cognitive-prism
  specs:
    lex-cognitive-prism (0.1.0)

PATH
  remote: ../extensions-agentic/lex-cognitive-quicksand
  specs:
    lex-cognitive-quicksand (0.1.0)

PATH
  remote: ../extensions-agentic/lex-cognitive-quicksilver
  specs:
    lex-cognitive-quicksilver (0.1.0)

PATH
  remote: ../extensions-agentic/lex-cognitive-reappraisal
  specs:
    lex-cognitive-reappraisal (0.1.1)

PATH
  remote: ../extensions-agentic/lex-cognitive-reserve
  specs:
    lex-cognitive-reserve (0.1.0)

PATH
  remote: ../extensions-agentic/lex-cognitive-resonance
  specs:
    lex-cognitive-resonance (0.1.0)

PATH
  remote: ../extensions-agentic/lex-cognitive-rhythm
  specs:
    lex-cognitive-rhythm (0.1.0)

PATH
  remote: ../extensions-agentic/lex-cognitive-scaffolding
  specs:
    lex-cognitive-scaffolding (0.1.0)

PATH
  remote: ../extensions-agentic/lex-cognitive-surplus
  specs:
    lex-cognitive-surplus (0.1.0)

PATH
  remote: ../extensions-agentic/lex-cognitive-symbiosis
  specs:
    lex-cognitive-symbiosis (0.1.0)

PATH
  remote: ../extensions-agentic/lex-cognitive-synesthesia
  specs:
    lex-cognitive-synesthesia (0.1.0)

PATH
  remote: ../extensions-agentic/lex-cognitive-synthesis
  specs:
    lex-cognitive-synthesis (0.1.0)

PATH
  remote: ../extensions-agentic/lex-cognitive-tapestry
  specs:
    lex-cognitive-tapestry (0.1.0)

PATH
  remote: ../extensions-agentic/lex-cognitive-tectonics
  specs:
    lex-cognitive-tectonics (0.1.0)

PATH
  remote: ../extensions-agentic/lex-cognitive-telescope
  specs:
    lex-cognitive-telescope (0.1.0)

PATH
  remote: ../extensions-agentic/lex-cognitive-tempo
  specs:
    lex-cognitive-tempo (0.1.0)

PATH
  remote: ../extensions-agentic/lex-cognitive-tessellation
  specs:
    lex-cognitive-tessellation (0.1.0)

PATH
  remote: ../extensions-agentic/lex-cognitive-tide
  specs:
    lex-cognitive-tide (0.1.1)

PATH
  remote: ../extensions-agentic/lex-cognitive-triage
  specs:
    lex-cognitive-triage (0.1.0)

PATH
  remote: ../extensions-agentic/lex-cognitive-volcano
  specs:
    lex-cognitive-volcano (0.1.0)

PATH
  remote: ../extensions-agentic/lex-cognitive-weather
  specs:
    lex-cognitive-weather (0.1.0)

PATH
  remote: ../extensions-agentic/lex-cognitive-weathering
  specs:
    lex-cognitive-weathering (0.1.0)

PATH
  remote: ../extensions-agentic/lex-cognitive-whirlpool
  specs:
    lex-cognitive-whirlpool (0.1.0)

PATH
  remote: ../extensions-agentic/lex-cognitive-zeitgeist
  specs:
    lex-cognitive-zeitgeist (0.1.0)

PATH
  remote: ../extensions-agentic/lex-coldstart
  specs:
    lex-coldstart (0.1.0)

PATH
  remote: ../extensions-agentic/lex-conceptual-blending
  specs:
    lex-conceptual-blending (0.1.0)

PATH
  remote: ../extensions-agentic/lex-conceptual-metaphor
  specs:
    lex-conceptual-metaphor (0.1.0)

PATH
  remote: ../extensions-agentic/lex-confabulation
  specs:
    lex-confabulation (0.1.0)

PATH
  remote: ../extensions-agentic/lex-conflict
  specs:
    lex-conflict (0.1.1)

PATH
  remote: ../extensions-agentic/lex-conscience
  specs:
    lex-conscience (0.1.0)

PATH
  remote: ../extensions-agentic/lex-consent
  specs:
    lex-consent (0.2.0)

PATH
  remote: ../extensions-agentic/lex-context
  specs:
    lex-context (0.1.0)

PATH
  remote: ../extensions-agentic/lex-cortex
  specs:
    lex-cortex (0.2.0)

PATH
  remote: ../extensions-agentic/lex-counterfactual
  specs:
    lex-counterfactual (0.1.0)

PATH
  remote: ../extensions-agentic/lex-creativity
  specs:
    lex-creativity (0.1.0)

PATH
  remote: ../extensions-agentic/lex-curiosity
  specs:
    lex-curiosity (0.1.0)

PATH
  remote: ../extensions-agentic/lex-decision-fatigue
  specs:
    lex-decision-fatigue (0.1.0)

PATH
  remote: ../extensions-agentic/lex-default-mode-network
  specs:
    lex-default-mode-network (0.1.0)

PATH
  remote: ../extensions-agentic/lex-dissonance
  specs:
    lex-dissonance (0.1.0)

PATH
  remote: ../extensions-agentic/lex-distributed-cognition
  specs:
    lex-distributed-cognition (0.1.0)

PATH
  remote: ../extensions-agentic/lex-dream
  specs:
    lex-dream (0.1.1)

PATH
  remote: ../extensions-agentic/lex-dual-process
  specs:
    lex-dual-process (0.1.0)

PATH
  remote: ../extensions-agentic/lex-embodied-simulation
  specs:
    lex-embodied-simulation (0.1.0)

PATH
  remote: ../extensions-agentic/lex-emotion
  specs:
    lex-emotion (0.1.1)

PATH
  remote: ../extensions-agentic/lex-emotional-regulation
  specs:
    lex-emotional-regulation (0.1.0)

PATH
  remote: ../extensions-agentic/lex-empathy
  specs:
    lex-empathy (0.1.0)

PATH
  remote: ../extensions-agentic/lex-enactive-cognition
  specs:
    lex-enactive-cognition (0.1.0)

PATH
  remote: ../extensions-agentic/lex-episodic-buffer
  specs:
    lex-episodic-buffer (0.1.0)

PATH
  remote: ../extensions-agentic/lex-epistemic-curiosity
  specs:
    lex-epistemic-curiosity (0.1.0)

PATH
  remote: ../extensions-agentic/lex-epistemic-vigilance
  specs:
    lex-epistemic-vigilance (0.1.0)

PATH
  remote: ../extensions-agentic/lex-error-monitoring
  specs:
    lex-error-monitoring (0.1.0)

PATH
  remote: ../extensions-agentic/lex-executive-function
  specs:
    lex-executive-function (0.1.0)

PATH
  remote: ../extensions-agentic/lex-expectation-violation
  specs:
    lex-expectation-violation (0.1.0)

PATH
  remote: ../extensions-agentic/lex-extinction
  specs:
    lex-extinction (0.2.0)

PATH
  remote: ../extensions-agentic/lex-fatigue
  specs:
    lex-fatigue (0.1.0)

PATH
  remote: ../extensions-agentic/lex-feature-binding
  specs:
    lex-feature-binding (0.1.0)

PATH
  remote: ../extensions-agentic/lex-flow
  specs:
    lex-flow (0.1.0)

PATH
  remote: ../extensions-agentic/lex-frame-semantics
  specs:
    lex-frame-semantics (0.1.0)

PATH
  remote: ../extensions-agentic/lex-free-energy
  specs:
    lex-free-energy (0.1.0)

PATH
  remote: ../extensions-agentic/lex-gestalt
  specs:
    lex-gestalt (0.1.0)

PATH
  remote: ../extensions-agentic/lex-global-workspace
  specs:
    lex-global-workspace (0.1.0)

PATH
  remote: ../extensions-agentic/lex-goal-management
  specs:
    lex-goal-management (0.1.0)

PATH
  remote: ../extensions-agentic/lex-governance
  specs:
    lex-governance (0.1.1)

PATH
  remote: ../extensions-agentic/lex-habit
  specs:
    lex-habit (0.1.0)

PATH
  remote: ../extensions-agentic/lex-hebbian-assembly
  specs:
    lex-hebbian-assembly (0.1.0)

PATH
  remote: ../extensions-agentic/lex-homeostasis
  specs:
    lex-homeostasis (0.1.0)

PATH
  remote: ../extensions-agentic/lex-hypothesis-testing
  specs:
    lex-hypothesis-testing (0.1.0)

PATH
  remote: ../extensions-agentic/lex-identity
  specs:
    lex-identity (0.2.0)

PATH
  remote: ../extensions-agentic/lex-imagination
  specs:
    lex-imagination (0.1.0)

PATH
  remote: ../extensions-agentic/lex-inhibition
  specs:
    lex-inhibition (0.1.0)

PATH
  remote: ../extensions-agentic/lex-inner-speech
  specs:
    lex-inner-speech (0.1.0)

PATH
  remote: ../extensions-agentic/lex-interoception
  specs:
    lex-interoception (0.1.0)

PATH
  remote: ../extensions-agentic/lex-intuition
  specs:
    lex-intuition (0.1.0)

PATH
  remote: ../extensions-agentic/lex-joint-attention
  specs:
    lex-joint-attention (0.1.0)

PATH
  remote: ../extensions-agentic/lex-language
  specs:
    lex-language (0.1.0)

PATH
  remote: ../extensions-agentic/lex-latent-inhibition
  specs:
    lex-latent-inhibition (0.1.0)

PATH
  remote: ../extensions-agentic/lex-learning-rate
  specs:
    lex-learning-rate (0.1.0)

PATH
  remote: ../extensions-agentic/lex-memory
  specs:
    lex-memory (0.1.2)

PATH
  remote: ../extensions-agentic/lex-mental-simulation
  specs:
    lex-mental-simulation (0.1.0)

PATH
  remote: ../extensions-agentic/lex-mental-time-travel
  specs:
    lex-mental-time-travel (0.1.0)

PATH
  remote: ../extensions-agentic/lex-mentalizing
  specs:
    lex-mentalizing (0.1.0)

PATH
  remote: ../extensions-agentic/lex-mesh
  specs:
    lex-mesh (0.1.1)

PATH
  remote: ../extensions-agentic/lex-meta-learning
  specs:
    lex-meta-learning (0.1.0)

PATH
  remote: ../extensions-agentic/lex-metacognition
  specs:
    lex-metacognition (0.1.0)

PATH
  remote: ../extensions-agentic/lex-metacognitive-monitoring
  specs:
    lex-metacognitive-monitoring (0.1.0)

PATH
  remote: ../extensions-agentic/lex-mind-growth
  specs:
    lex-mind-growth (0.1.0)

PATH
  remote: ../extensions-agentic/lex-mirror
  specs:
    lex-mirror (0.1.0)

PATH
  remote: ../extensions-agentic/lex-mood
  specs:
    lex-mood (0.1.0)

PATH
  remote: ../extensions-agentic/lex-moral-reasoning
  specs:
    lex-moral-reasoning (0.1.1)

PATH
  remote: ../extensions-agentic/lex-motivation
  specs:
    lex-motivation (0.1.0)

PATH
  remote: ../extensions-agentic/lex-narrative-identity
  specs:
    lex-narrative-identity (0.1.0)

PATH
  remote: ../extensions-agentic/lex-narrative-reasoning
  specs:
    lex-narrative-reasoning (0.1.0)

PATH
  remote: ../extensions-agentic/lex-narrative-self
  specs:
    lex-narrative-self (0.1.0)

PATH
  remote: ../extensions-agentic/lex-narrator
  specs:
    lex-narrator (0.1.1)

PATH
  remote: ../extensions-agentic/lex-neural-oscillation
  specs:
    lex-neural-oscillation (0.1.0)

PATH
  remote: ../extensions-agentic/lex-neuromodulation
  specs:
    lex-neuromodulation (0.1.0)

PATH
  remote: ../extensions-agentic/lex-perceptual-inference
  specs:
    lex-perceptual-inference (0.1.0)

PATH
  remote: ../extensions-agentic/lex-personality
  specs:
    lex-personality (0.1.0)

PATH
  remote: ../extensions-agentic/lex-perspective-shifting
  specs:
    lex-perspective-shifting (0.1.0)

PATH
  remote: ../extensions-agentic/lex-phenomenal-binding
  specs:
    lex-phenomenal-binding (0.1.0)

PATH
  remote: ../extensions-agentic/lex-planning
  specs:
    lex-planning (0.1.0)

PATH
  remote: ../extensions-agentic/lex-pragmatic-inference
  specs:
    lex-pragmatic-inference (0.1.0)

PATH
  remote: ../extensions-agentic/lex-prediction
  specs:
    lex-prediction (0.1.1)

PATH
  remote: ../extensions-agentic/lex-predictive-coding
  specs:
    lex-predictive-coding (0.1.0)

PATH
  remote: ../extensions-agentic/lex-predictive-processing
  specs:
    lex-predictive-processing (0.1.0)

PATH
  remote: ../extensions-agentic/lex-preference-learning
  specs:
    lex-preference-learning (0.1.0)

PATH
  remote: ../extensions-agentic/lex-priming
  specs:
    lex-priming (0.1.0)

PATH
  remote: ../extensions-agentic/lex-privatecore
  specs:
    lex-privatecore (0.1.1)

PATH
  remote: ../extensions-agentic/lex-procedural-learning
  specs:
    lex-procedural-learning (0.1.0)

PATH
  remote: ../extensions-agentic/lex-prospection
  specs:
    lex-prospection (0.1.0)

PATH
  remote: ../extensions-agentic/lex-prospective-memory
  specs:
    lex-prospective-memory (0.1.0)

PATH
  remote: ../extensions-agentic/lex-qualia
  specs:
    lex-qualia (0.1.0)

PATH
  remote: ../extensions-agentic/lex-reality-testing
  specs:
    lex-reality-testing (0.1.0)

PATH
  remote: ../extensions-agentic/lex-reflection
  specs:
    lex-reflection (0.1.1)

PATH
  remote: ../extensions-agentic/lex-relevance-theory
  specs:
    lex-relevance-theory (0.1.0)

PATH
  remote: ../extensions-agentic/lex-resilience
  specs:
    lex-resilience (0.1.0)

PATH
  remote: ../extensions-agentic/lex-reward
  specs:
    lex-reward (0.1.0)

PATH
  remote: ../extensions-agentic/lex-salience
  specs:
    lex-salience (0.1.0)

PATH
  remote: ../extensions-agentic/lex-schema
  specs:
    lex-schema (0.1.0)

PATH
  remote: ../extensions-agentic/lex-self-model
  specs:
    lex-self-model (0.1.0)

PATH
  remote: ../extensions-agentic/lex-self-talk
  specs:
    lex-self-talk (0.1.1)

PATH
  remote: ../extensions-agentic/lex-semantic-memory
  specs:
    lex-semantic-memory (0.1.0)

PATH
  remote: ../extensions-agentic/lex-semantic-priming
  specs:
    lex-semantic-priming (0.1.0)

PATH
  remote: ../extensions-agentic/lex-semantic-satiation
  specs:
    lex-semantic-satiation (0.1.0)

PATH
  remote: ../extensions-agentic/lex-sensory-gating
  specs:
    lex-sensory-gating (0.1.0)

PATH
  remote: ../extensions-agentic/lex-signal-detection
  specs:
    lex-signal-detection (0.1.0)

PATH
  remote: ../extensions-agentic/lex-situation-model
  specs:
    lex-situation-model (0.1.0)

PATH
  remote: ../extensions-agentic/lex-social-learning
  specs:
    lex-social-learning (0.1.0)

PATH
  remote: ../extensions-agentic/lex-social
  specs:
    lex-social (0.1.0)

PATH
  remote: ../extensions-agentic/lex-somatic-marker
  specs:
    lex-somatic-marker (0.1.0)

PATH
  remote: ../extensions-agentic/lex-source-monitoring
  specs:
    lex-source-monitoring (0.1.0)

PATH
  remote: ../extensions-agentic/lex-subliminal
  specs:
    lex-subliminal (0.1.0)

PATH
  remote: ../extensions-agentic/lex-surprise
  specs:
    lex-surprise (0.1.0)

PATH
  remote: ../extensions-agentic/lex-swarm-github
  specs:
    lex-swarm-github (0.1.1)

PATH
  remote: ../extensions-agentic/lex-swarm
  specs:
    lex-swarm (0.1.1)

PATH
  remote: ../extensions-agentic/lex-temporal-discounting
  specs:
    lex-temporal-discounting (0.1.0)

PATH
  remote: ../extensions-agentic/lex-temporal
  specs:
    lex-temporal (0.1.0)

PATH
  remote: ../extensions-agentic/lex-theory-of-mind
  specs:
    lex-theory-of-mind (0.1.0)

PATH
  remote: ../extensions-agentic/lex-tick
  specs:
    lex-tick (0.1.0)

PATH
  remote: ../extensions-agentic/lex-transfer-learning
  specs:
    lex-transfer-learning (0.1.0)

PATH
  remote: ../extensions-agentic/lex-trust
  specs:
    lex-trust (0.1.0)

PATH
  remote: ../extensions-agentic/lex-uncertainty-tolerance
  specs:
    lex-uncertainty-tolerance (0.1.0)

PATH
  remote: ../extensions-agentic/lex-volition
  specs:
    lex-volition (0.1.0)

PATH
  remote: ../extensions-agentic/lex-working-memory
  specs:
    lex-working-memory (0.1.0)

PATH
  remote: ../legion-json
  specs:
    legion-json (1.2.0)
      json_pure
      multi_json

PATH
  remote: ../legion-logging
  specs:
    legion-logging (1.2.1)
      rainbow (~> 3)

PATH
  remote: .
  specs:
    legion-gaia (0.7.0)
      base64
      legion-json
      legion-logging
      lex-abductive-reasoning
      lex-affordance
      lex-agency
      lex-analogical-reasoning
      lex-anchoring
      lex-anosognosia
      lex-appraisal
      lex-argument-mapping
      lex-arousal
      lex-attention
      lex-attention-economy
      lex-attention-regulation
      lex-attention-schema
      lex-attention-spotlight
      lex-attention-switching
      lex-attentional-blink
      lex-bayesian-belief
      lex-belief-revision
      lex-bias
      lex-causal-attribution
      lex-causal-reasoning
      lex-cognitive-alchemy
      lex-cognitive-anchor
      lex-cognitive-apprenticeship
      lex-cognitive-archaeology
      lex-cognitive-architecture
      lex-cognitive-aurora
      lex-cognitive-autopilot
      lex-cognitive-avalanche
      lex-cognitive-blindspot
      lex-cognitive-boundary
      lex-cognitive-catalyst
      lex-cognitive-chrysalis
      lex-cognitive-chunking
      lex-cognitive-cocoon
      lex-cognitive-coherence
      lex-cognitive-compass
      lex-cognitive-compression
      lex-cognitive-constellation
      lex-cognitive-contagion
      lex-cognitive-control
      lex-cognitive-debt
      lex-cognitive-debugging
      lex-cognitive-defusion
      lex-cognitive-disengagement
      lex-cognitive-dissonance-resolution
      lex-cognitive-dwell
      lex-cognitive-echo
      lex-cognitive-echo-chamber
      lex-cognitive-empathy
      lex-cognitive-entrainment
      lex-cognitive-erosion
      lex-cognitive-fatigue-model
      lex-cognitive-fermentation
      lex-cognitive-fingerprint
      lex-cognitive-flexibility
      lex-cognitive-flexibility-training
      lex-cognitive-fossil-fuel
      lex-cognitive-friction
      lex-cognitive-furnace
      lex-cognitive-garden
      lex-cognitive-genesis
      lex-cognitive-grammar
      lex-cognitive-gravity
      lex-cognitive-greenhouse
      lex-cognitive-hologram
      lex-cognitive-homeostasis
      lex-cognitive-horizon
      lex-cognitive-hourglass
      lex-cognitive-immune-memory
      lex-cognitive-immune-response
      lex-cognitive-immunology
      lex-cognitive-inertia
      lex-cognitive-integration
      lex-cognitive-kaleidoscope
      lex-cognitive-labyrinth
      lex-cognitive-lens
      lex-cognitive-lighthouse
      lex-cognitive-liminal
      lex-cognitive-load
      lex-cognitive-load-balancing
      lex-cognitive-lucidity
      lex-cognitive-magnet
      lex-cognitive-map
      lex-cognitive-metabolism
      lex-cognitive-mirror
      lex-cognitive-momentum
      lex-cognitive-mosaic
      lex-cognitive-mycelium
      lex-cognitive-narrative-arc
      lex-cognitive-nostalgia
      lex-cognitive-offloading
      lex-cognitive-origami
      lex-cognitive-paleontology
      lex-cognitive-palimpsest
      lex-cognitive-pendulum
      lex-cognitive-phantom
      lex-cognitive-plasticity
      lex-cognitive-prism
      lex-cognitive-quicksand
      lex-cognitive-quicksilver
      lex-cognitive-reappraisal
      lex-cognitive-reserve
      lex-cognitive-resonance
      lex-cognitive-rhythm
      lex-cognitive-scaffolding
      lex-cognitive-surplus
      lex-cognitive-symbiosis
      lex-cognitive-synesthesia
      lex-cognitive-synthesis
      lex-cognitive-tapestry
      lex-cognitive-tectonics
      lex-cognitive-telescope
      lex-cognitive-tempo
      lex-cognitive-tessellation
      lex-cognitive-tide
      lex-cognitive-triage
      lex-cognitive-volcano
      lex-cognitive-weather
      lex-cognitive-weathering
      lex-cognitive-whirlpool
      lex-cognitive-zeitgeist
      lex-coldstart
      lex-conceptual-blending
      lex-conceptual-metaphor
      lex-confabulation
      lex-conflict
      lex-conscience
      lex-consent
      lex-context
      lex-cortex
      lex-counterfactual
      lex-creativity
      lex-curiosity
      lex-decision-fatigue
      lex-default-mode-network
      lex-dissonance
      lex-distributed-cognition
      lex-dream
      lex-dual-process
      lex-embodied-simulation
      lex-emotion
      lex-emotional-regulation
      lex-empathy
      lex-enactive-cognition
      lex-episodic-buffer
      lex-epistemic-curiosity
      lex-epistemic-vigilance
      lex-error-monitoring
      lex-executive-function
      lex-expectation-violation
      lex-extinction
      lex-fatigue
      lex-feature-binding
      lex-flow
      lex-frame-semantics
      lex-free-energy
      lex-gestalt
      lex-global-workspace
      lex-goal-management
      lex-governance
      lex-habit
      lex-hebbian-assembly
      lex-homeostasis
      lex-hypothesis-testing
      lex-identity
      lex-imagination
      lex-inhibition
      lex-inner-speech
      lex-interoception
      lex-intuition
      lex-joint-attention
      lex-language
      lex-latent-inhibition
      lex-learning-rate
      lex-memory
      lex-mental-simulation
      lex-mental-time-travel
      lex-mentalizing
      lex-mesh
      lex-meta-learning
      lex-metacognition
      lex-metacognitive-monitoring
      lex-mind-growth
      lex-mirror
      lex-mood
      lex-moral-reasoning
      lex-motivation
      lex-narrative-identity
      lex-narrative-reasoning
      lex-narrative-self
      lex-narrator
      lex-neural-oscillation
      lex-neuromodulation
      lex-perceptual-inference
      lex-personality
      lex-perspective-shifting
      lex-phenomenal-binding
      lex-planning
      lex-pragmatic-inference
      lex-prediction
      lex-predictive-coding
      lex-predictive-processing
      lex-preference-learning
      lex-priming
      lex-privatecore
      lex-procedural-learning
      lex-prospection
      lex-prospective-memory
      lex-qualia
      lex-reality-testing
      lex-reflection
      lex-relevance-theory
      lex-resilience
      lex-reward
      lex-salience
      lex-schema
      lex-self-model
      lex-self-talk
      lex-semantic-memory
      lex-semantic-priming
      lex-semantic-satiation
      lex-sensory-gating
      lex-signal-detection
      lex-situation-model
      lex-social
      lex-social-learning
      lex-somatic-marker
      lex-source-monitoring
      lex-subliminal
      lex-surprise
      lex-swarm
      lex-swarm-github
      lex-temporal
      lex-temporal-discounting
      lex-theory-of-mind
      lex-tick
      lex-transfer-learning
      lex-trust
      lex-uncertainty-tolerance
      lex-volition
      lex-working-memory

GEM
  remote: https://rubygems.org/
  specs:
    addressable (2.8.9)
      public_suffix (>= 2.0.2, < 8.0)
    ast (2.4.3)
    base64 (0.3.0)
    bigdecimal (4.0.1)
    diff-lcs (1.6.2)
    json (2.19.1)
    json-schema (6.2.0)
      addressable (~> 2.8)
      bigdecimal (>= 3.1, < 5)
    json_pure (2.8.1)
    language_server-protocol (3.17.0.5)
    lint_roller (1.1.0)
    mcp (0.8.0)
      json-schema (>= 4.1)
    multi_json (1.19.1)
    parallel (1.27.0)
    parser (3.3.10.2)
      ast (~> 2.4.1)
      racc
    prism (1.9.0)
    public_suffix (7.0.5)
    racc (1.8.1)
    rainbow (3.1.1)
    rake (13.3.1)
    regexp_parser (2.11.3)
    rspec (3.13.2)
      rspec-core (~> 3.13.0)
      rspec-expectations (~> 3.13.0)
      rspec-mocks (~> 3.13.0)
    rspec-core (3.13.6)
      rspec-support (~> 3.13.0)
    rspec-expectations (3.13.5)
      diff-lcs (>= 1.2.0, < 2.0)
      rspec-support (~> 3.13.0)
    rspec-mocks (3.13.8)
      diff-lcs (>= 1.2.0, < 2.0)
      rspec-support (~> 3.13.0)
    rspec-support (3.13.7)
    rubocop (1.85.1)
      json (~> 2.3)
      language_server-protocol (~> 3.17.0.2)
      lint_roller (~> 1.1.0)
      mcp (~> 0.6)
      parallel (~> 1.10)
      parser (>= 3.3.0.2)
      rainbow (>= 2.2.2, < 4.0)
      regexp_parser (>= 2.9.3, < 3.0)
      rubocop-ast (>= 1.49.0, < 2.0)
      ruby-progressbar (~> 1.7)
      unicode-display_width (>= 2.4.0, < 4.0)
    rubocop-ast (1.49.1)
      parser (>= 3.3.7.2)
      prism (~> 1.7)
    ruby-progressbar (1.13.0)
    unicode-display_width (3.2.0)
      unicode-emoji (~> 4.1)
    unicode-emoji (4.2.0)

PLATFORMS
  arm64-darwin-25
  ruby
  x86_64-linux

DEPENDENCIES
  legion-gaia!
  legion-json!
  legion-logging!
  lex-abductive-reasoning!
  lex-affordance!
  lex-agency!
  lex-analogical-reasoning!
  lex-anchoring!
  lex-anosognosia!
  lex-appraisal!
  lex-argument-mapping!
  lex-arousal!
  lex-attention!
  lex-attention-economy!
  lex-attention-regulation!
  lex-attention-schema!
  lex-attention-spotlight!
  lex-attention-switching!
  lex-attentional-blink!
  lex-bayesian-belief!
  lex-belief-revision!
  lex-bias!
  lex-causal-attribution!
  lex-causal-reasoning!
  lex-cognitive-alchemy!
  lex-cognitive-anchor!
  lex-cognitive-apprenticeship!
  lex-cognitive-archaeology!
  lex-cognitive-architecture!
  lex-cognitive-aurora!
  lex-cognitive-autopilot!
  lex-cognitive-avalanche!
  lex-cognitive-blindspot!
  lex-cognitive-boundary!
  lex-cognitive-catalyst!
  lex-cognitive-chrysalis!
  lex-cognitive-chunking!
  lex-cognitive-cocoon!
  lex-cognitive-coherence!
  lex-cognitive-compass!
  lex-cognitive-compression!
  lex-cognitive-constellation!
  lex-cognitive-contagion!
  lex-cognitive-control!
  lex-cognitive-debt!
  lex-cognitive-debugging!
  lex-cognitive-defusion!
  lex-cognitive-disengagement!
  lex-cognitive-dissonance-resolution!
  lex-cognitive-dwell!
  lex-cognitive-echo!
  lex-cognitive-echo-chamber!
  lex-cognitive-empathy!
  lex-cognitive-entrainment!
  lex-cognitive-erosion!
  lex-cognitive-fatigue-model!
  lex-cognitive-fermentation!
  lex-cognitive-fingerprint!
  lex-cognitive-flexibility!
  lex-cognitive-flexibility-training!
  lex-cognitive-fossil-fuel!
  lex-cognitive-friction!
  lex-cognitive-furnace!
  lex-cognitive-garden!
  lex-cognitive-genesis!
  lex-cognitive-grammar!
  lex-cognitive-gravity!
  lex-cognitive-greenhouse!
  lex-cognitive-hologram!
  lex-cognitive-homeostasis!
  lex-cognitive-horizon!
  lex-cognitive-hourglass!
  lex-cognitive-immune-memory!
  lex-cognitive-immune-response!
  lex-cognitive-immunology!
  lex-cognitive-inertia!
  lex-cognitive-integration!
  lex-cognitive-kaleidoscope!
  lex-cognitive-labyrinth!
  lex-cognitive-lens!
  lex-cognitive-lighthouse!
  lex-cognitive-liminal!
  lex-cognitive-load!
  lex-cognitive-load-balancing!
  lex-cognitive-lucidity!
  lex-cognitive-magnet!
  lex-cognitive-map!
  lex-cognitive-metabolism!
  lex-cognitive-mirror!
  lex-cognitive-momentum!
  lex-cognitive-mosaic!
  lex-cognitive-mycelium!
  lex-cognitive-narrative-arc!
  lex-cognitive-nostalgia!
  lex-cognitive-offloading!
  lex-cognitive-origami!
  lex-cognitive-paleontology!
  lex-cognitive-palimpsest!
  lex-cognitive-pendulum!
  lex-cognitive-phantom!
  lex-cognitive-plasticity!
  lex-cognitive-prism!
  lex-cognitive-quicksand!
  lex-cognitive-quicksilver!
  lex-cognitive-reappraisal!
  lex-cognitive-reserve!
  lex-cognitive-resonance!
  lex-cognitive-rhythm!
  lex-cognitive-scaffolding!
  lex-cognitive-surplus!
  lex-cognitive-symbiosis!
  lex-cognitive-synesthesia!
  lex-cognitive-synthesis!
  lex-cognitive-tapestry!
  lex-cognitive-tectonics!
  lex-cognitive-telescope!
  lex-cognitive-tempo!
  lex-cognitive-tessellation!
  lex-cognitive-tide!
  lex-cognitive-triage!
  lex-cognitive-volcano!
  lex-cognitive-weather!
  lex-cognitive-weathering!
  lex-cognitive-whirlpool!
  lex-cognitive-zeitgeist!
  lex-coldstart!
  lex-conceptual-blending!
  lex-conceptual-metaphor!
  lex-confabulation!
  lex-conflict!
  lex-conscience!
  lex-consent!
  lex-context!
  lex-cortex!
  lex-counterfactual!
  lex-creativity!
  lex-curiosity!
  lex-decision-fatigue!
  lex-default-mode-network!
  lex-dissonance!
  lex-distributed-cognition!
  lex-dream!
  lex-dual-process!
  lex-embodied-simulation!
  lex-emotion!
  lex-emotional-regulation!
  lex-empathy!
  lex-enactive-cognition!
  lex-episodic-buffer!
  lex-epistemic-curiosity!
  lex-epistemic-vigilance!
  lex-error-monitoring!
  lex-executive-function!
  lex-expectation-violation!
  lex-extinction!
  lex-fatigue!
  lex-feature-binding!
  lex-flow!
  lex-frame-semantics!
  lex-free-energy!
  lex-gestalt!
  lex-global-workspace!
  lex-goal-management!
  lex-governance!
  lex-habit!
  lex-hebbian-assembly!
  lex-homeostasis!
  lex-hypothesis-testing!
  lex-identity!
  lex-imagination!
  lex-inhibition!
  lex-inner-speech!
  lex-interoception!
  lex-intuition!
  lex-joint-attention!
  lex-language!
  lex-latent-inhibition!
  lex-learning-rate!
  lex-memory!
  lex-mental-simulation!
  lex-mental-time-travel!
  lex-mentalizing!
  lex-mesh!
  lex-meta-learning!
  lex-metacognition!
  lex-metacognitive-monitoring!
  lex-mind-growth!
  lex-mirror!
  lex-mood!
  lex-moral-reasoning!
  lex-motivation!
  lex-narrative-identity!
  lex-narrative-reasoning!
  lex-narrative-self!
  lex-narrator!
  lex-neural-oscillation!
  lex-neuromodulation!
  lex-perceptual-inference!
  lex-personality!
  lex-perspective-shifting!
  lex-phenomenal-binding!
  lex-planning!
  lex-pragmatic-inference!
  lex-prediction!
  lex-predictive-coding!
  lex-predictive-processing!
  lex-preference-learning!
  lex-priming!
  lex-privatecore!
  lex-procedural-learning!
  lex-prospection!
  lex-prospective-memory!
  lex-qualia!
  lex-reality-testing!
  lex-reflection!
  lex-relevance-theory!
  lex-resilience!
  lex-reward!
  lex-salience!
  lex-schema!
  lex-self-model!
  lex-self-talk!
  lex-semantic-memory!
  lex-semantic-priming!
  lex-semantic-satiation!
  lex-sensory-gating!
  lex-signal-detection!
  lex-situation-model!
  lex-social!
  lex-social-learning!
  lex-somatic-marker!
  lex-source-monitoring!
  lex-subliminal!
  lex-surprise!
  lex-swarm!
  lex-swarm-github!
  lex-temporal!
  lex-temporal-discounting!
  lex-theory-of-mind!
  lex-tick!
  lex-transfer-learning!
  lex-trust!
  lex-uncertainty-tolerance!
  lex-volition!
  lex-working-memory!
  rake
  rspec
  rubocop

BUNDLED WITH
   2.6.9
